{
  "nodes": {
    "nixpkgs": {
      "locked": {
        "lastModified": 1746663147,
        "narHash": "sha256-Ua0drDHawlzNqJnclTJGf87dBmaO/tn7iZ+TCkTRpRc=",
        "owner": "nixos",
        "repo": "nixpkgs",
        "rev": "dda3dcd3fe03e991015e9a74b22d35950f264a54",
        "type": "github"
      },
      "original": {
        "owner": "nixos",
        "ref": "nixos-unstable",
        "repo": "nixpkgs",
        "type": "github"
      }
    },
    "root": {
      "inputs": {
        "nixpkgs": "nixpkgs",
        "termux-auth": "termux-auth",
        "termux-packages": "termux-packages"
      }
    },
    "termux-auth": {
      "flake": false,
      "locked": {
        "lastModified": 1727351185,
        "narHash": "sha256-GbAzu7PPvFZY9zPZBq9XxmNEsbvA4jwvw79pmQ4vAuw=",
        "owner": "termux",
        "repo": "termux-auth",
        "rev": "0bb85b4faa24f4259cfd217ac1865c1b9c4ffc2a",
        "type": "github"
      },
      "original": {
        "owner": "termux",
        "repo": "termux-auth",
        "type": "github"
      }
    },
    "termux-packages": {
      "flake": false,
      "locked": {
        "lastModified": 1746793234,
        "narHash": "sha256-iel8GPpNNwtj/XWxvD/Wx2+v8H5IU85Tx1pYKpJe4B4=",
        "owner": "termux",
        "repo": "termux-packages",
        "rev": "bb381b573d55b379943a8129ed29f2599d73cb44",
        "type": "github"
      },
      "original": {
        "owner": "termux",
        "repo": "termux-packages",
        "type": "github"
      }
    }
  },
  "root": "root",
  "version": 7
}
