{
  "nodes": {
    "nixpkgs": {
      "locked": {
        "lastModified": 1779053281,
        "narHash": "sha256-Noh1V7al+kUh8s1vBdQWpYh8hTIvrU2oXsd0g+CfN8Q=",
        "owner": "nixos",
        "repo": "nixpkgs",
        "rev": "ae7a0ddd72d26b5c91f9166173e5e547fcbcfbf0",
        "type": "github"
      },
      "original": {
        "owner": "nixos",
        "ref": "release-25.11",
        "repo": "nixpkgs",
        "type": "github"
      }
    },
    "root": {
      "inputs": {
        "nixpkgs": "nixpkgs",
        "termux-auth": "termux-auth",
        "termux-packages": "termux-packages"
      }
    },
    "termux-auth": {
      "flake": false,
      "locked": {
        "lastModified": 1727351185,
        "narHash": "sha256-GbAzu7PPvFZY9zPZBq9XxmNEsbvA4jwvw79pmQ4vAuw=",
        "owner": "termux",
        "repo": "termux-auth",
        "rev": "0bb85b4faa24f4259cfd217ac1865c1b9c4ffc2a",
        "type": "github"
      },
      "original": {
        "owner": "termux",
        "repo": "termux-auth",
        "type": "github"
      }
    },
    "termux-packages": {
      "flake": false,
      "locked": {
        "lastModified": 1779049399,
        "narHash": "sha256-JqPES4k+H3PybeDYyVWP9vKfhO8J8BY7KR6MwGrStXI=",
        "owner": "termux",
        "repo": "termux-packages",
        "rev": "b8d2c40df0bafbcfc02e475dce74f18a4ee963e8",
        "type": "github"
      },
      "original": {
        "owner": "termux",
        "repo": "termux-packages",
        "type": "github"
      }
    }
  },
  "root": "root",
  "version": 7
}
